
Microsoft Visual Studio Solution File, Format Version 12.00
# Visual Studio Version 16
VisualStudioVersion = 16.0.810.17
MinimumVisualStudioVersion = 10.0.40219.1
Project("{FAE04EC0-301F-11D3-BF4B-00C04F79EFBC}") = "Prac9T2", "Prac9T2\Prac9T2.csproj", "{7F2CC949-B401-422F-95F7-BDAB2A70C624}"
EndProject
Global
	GlobalSection(SolutionConfigurationPlatforms) = preSolution
		Debug|Any CPU = Debug|Any CPU
		Release|Any CPU = Release|Any CPU
	EndGlobalSection
	GlobalSection(ProjectConfigurationPlatforms) = postSolution
		{7F2CC949-B401-422F-95F7-BDAB2A70C624}.Debug|Any CPU.ActiveCfg = Debug|Any CPU
		{7F2CC949-B401-422F-95F7-BDAB2A70C624}.Debug|Any CPU.Build.0 = Debug|Any CPU
		{7F2CC949-B401-422F-95F7-BDAB2A70C624}.Release|Any CPU.ActiveCfg = Release|Any CPU
		{7F2CC949-B401-422F-95F7-BDAB2A70C624}.Release|Any CPU.Build.0 = Release|Any CPU
	EndGlobalSection
	GlobalSection(SolutionProperties) = preSolution
		HideSolutionNode = FALSE
	EndGlobalSection
	GlobalSection(ExtensibilityGlobals) = postSolution
		SolutionGuid = {D778A075-1C60-4DD0-A00C-DC51FD9FBFBB}
	EndGlobalSection
EndGlobal
