
Microsoft Visual Studio Solution File, Format Version 12.00
# Visual Studio Version 16
VisualStudioVersion = 16.0.810.17
MinimumVisualStudioVersion = 10.0.40219.1
Project("{FAE04EC0-301F-11D3-BF4B-00C04F79EFBC}") = "Prac6T2", "Prac6T2\Prac6T2.csproj", "{12FA3134-508C-4304-879E-1530621CD235}"
EndProject
Global
	GlobalSection(SolutionConfigurationPlatforms) = preSolution
		Debug|Any CPU = Debug|Any CPU
		Release|Any CPU = Release|Any CPU
	EndGlobalSection
	GlobalSection(ProjectConfigurationPlatforms) = postSolution
		{12FA3134-508C-4304-879E-1530621CD235}.Debug|Any CPU.ActiveCfg = Debug|Any CPU
		{12FA3134-508C-4304-879E-1530621CD235}.Debug|Any CPU.Build.0 = Debug|Any CPU
		{12FA3134-508C-4304-879E-1530621CD235}.Release|Any CPU.ActiveCfg = Release|Any CPU
		{12FA3134-508C-4304-879E-1530621CD235}.Release|Any CPU.Build.0 = Release|Any CPU
	EndGlobalSection
	GlobalSection(SolutionProperties) = preSolution
		HideSolutionNode = FALSE
	EndGlobalSection
	GlobalSection(ExtensibilityGlobals) = postSolution
		SolutionGuid = {7BC32183-8F36-4DE3-8E3B-E28F0F4F51EB}
	EndGlobalSection
EndGlobal
