
Microsoft Visual Studio Solution File, Format Version 12.00
# Visual Studio Version 16
VisualStudioVersion = 16.0.810.17
MinimumVisualStudioVersion = 10.0.40219.1
Project("{FAE04EC0-301F-11D3-BF4B-00C04F79EFBC}") = "Practical1_Task2", "Practical1_Task2\Practical1_Task2.csproj", "{012B5DA2-4D40-4488-B340-F529F24E34D0}"
EndProject
Global
	GlobalSection(SolutionConfigurationPlatforms) = preSolution
		Debug|Any CPU = Debug|Any CPU
		Release|Any CPU = Release|Any CPU
	EndGlobalSection
	GlobalSection(ProjectConfigurationPlatforms) = postSolution
		{012B5DA2-4D40-4488-B340-F529F24E34D0}.Debug|Any CPU.ActiveCfg = Debug|Any CPU
		{012B5DA2-4D40-4488-B340-F529F24E34D0}.Debug|Any CPU.Build.0 = Debug|Any CPU
		{012B5DA2-4D40-4488-B340-F529F24E34D0}.Release|Any CPU.ActiveCfg = Release|Any CPU
		{012B5DA2-4D40-4488-B340-F529F24E34D0}.Release|Any CPU.Build.0 = Release|Any CPU
	EndGlobalSection
	GlobalSection(SolutionProperties) = preSolution
		HideSolutionNode = FALSE
	EndGlobalSection
	GlobalSection(ExtensibilityGlobals) = postSolution
		SolutionGuid = {80FF7EDA-3349-40FE-8EA5-0697C227DA4B}
	EndGlobalSection
EndGlobal
