
Microsoft Visual Studio Solution File, Format Version 12.00
# Visual Studio Version 16
VisualStudioVersion = 16.0.810.17
MinimumVisualStudioVersion = 10.0.40219.1
Project("{FAE04EC0-301F-11D3-BF4B-00C04F79EFBC}") = "Prac9T1", "Prac9T1\Prac9T1.csproj", "{48348A66-0DEF-452D-B3C2-FEAB01B97FF3}"
EndProject
Global
	GlobalSection(SolutionConfigurationPlatforms) = preSolution
		Debug|Any CPU = Debug|Any CPU
		Release|Any CPU = Release|Any CPU
	EndGlobalSection
	GlobalSection(ProjectConfigurationPlatforms) = postSolution
		{48348A66-0DEF-452D-B3C2-FEAB01B97FF3}.Debug|Any CPU.ActiveCfg = Debug|Any CPU
		{48348A66-0DEF-452D-B3C2-FEAB01B97FF3}.Debug|Any CPU.Build.0 = Debug|Any CPU
		{48348A66-0DEF-452D-B3C2-FEAB01B97FF3}.Release|Any CPU.ActiveCfg = Release|Any CPU
		{48348A66-0DEF-452D-B3C2-FEAB01B97FF3}.Release|Any CPU.Build.0 = Release|Any CPU
	EndGlobalSection
	GlobalSection(SolutionProperties) = preSolution
		HideSolutionNode = FALSE
	EndGlobalSection
	GlobalSection(ExtensibilityGlobals) = postSolution
		SolutionGuid = {4CE824F2-805E-4326-9BF8-53B34211A32F}
	EndGlobalSection
EndGlobal
